{
  "name": "ai-text-watermark",
  "version": "0.3.0",
  "lockfileVersion": 3,
  "requires": true,
  "packages": {
    "": {
      "name": "ai-text-watermark",
      "version": "0.3.0",
      "license": "MIT",
      "dependencies": {
        "@claude-flow/watermark": "^0.3.0"
      }
    },
    "node_modules/@claude-flow/watermark": {
      "version": "0.3.0",
      "resolved": "https://registry.npmjs.org/@claude-flow/watermark/-/watermark-0.3.0.tgz",
      "integrity": "sha512-Zqsy6PDd2HcwnQa+iMgq+f+5yyIat0oz7byEzXNfoY9PREIjacKCUfuTiNXgzz4sBsKGN9YXUgrWh8NNHk6Smw==",
      "license": "MIT",
      "engines": {
        "node": ">=18"
      }
    }
  }
}
